
Microsoft Visual Studio Solution File, Format Version 12.00
# Visual Studio Version 16
VisualStudioVersion = 16.0.29613.14
MinimumVisualStudioVersion = 10.0.40219.1
Project("{FAE04EC0-301F-11D3-BF4B-00C04F79EFBC}") = "AdminForm", "AdminForm\AdminForm.csproj", "{D8E1122F-97E5-44FA-906A-6B5DB6DFE816}"
EndProject
Project("{FAE04EC0-301F-11D3-BF4B-00C04F79EFBC}") = "FieldOperationForm", "FieldOperationForm\FieldOperationForm.csproj", "{845F5B3F-2317-4332-A594-1EB7001BBD01}"
EndProject
Project("{FAE04EC0-301F-11D3-BF4B-00C04F79EFBC}") = "MES_DB", "MES_DB\MES_DB.csproj", "{C8436ADF-2D7B-403D-AB76-B7D56F6B5A07}"
EndProject
Global
	GlobalSection(SolutionConfigurationPlatforms) = preSolution
		Debug|Any CPU = Debug|Any CPU
		Debug|x64 = Debug|x64
		Debug|x86 = Debug|x86
		Release|Any CPU = Release|Any CPU
		Release|x64 = Release|x64
		Release|x86 = Release|x86
	EndGlobalSection
	GlobalSection(ProjectConfigurationPlatforms) = postSolution
		{D8E1122F-97E5-44FA-906A-6B5DB6DFE816}.Debug|Any CPU.ActiveCfg = Debug|Any CPU
		{D8E1122F-97E5-44FA-906A-6B5DB6DFE816}.Debug|Any CPU.Build.0 = Debug|Any CPU
		{D8E1122F-97E5-44FA-906A-6B5DB6DFE816}.Debug|x64.ActiveCfg = Debug|Any CPU
		{D8E1122F-97E5-44FA-906A-6B5DB6DFE816}.Debug|x64.Build.0 = Debug|Any CPU
		{D8E1122F-97E5-44FA-906A-6B5DB6DFE816}.Debug|x86.ActiveCfg = Debug|Any CPU
		{D8E1122F-97E5-44FA-906A-6B5DB6DFE816}.Debug|x86.Build.0 = Debug|Any CPU
		{D8E1122F-97E5-44FA-906A-6B5DB6DFE816}.Release|Any CPU.ActiveCfg = Release|Any CPU
		{D8E1122F-97E5-44FA-906A-6B5DB6DFE816}.Release|Any CPU.Build.0 = Release|Any CPU
		{D8E1122F-97E5-44FA-906A-6B5DB6DFE816}.Release|x64.ActiveCfg = Release|Any CPU
		{D8E1122F-97E5-44FA-906A-6B5DB6DFE816}.Release|x64.Build.0 = Release|Any CPU
		{D8E1122F-97E5-44FA-906A-6B5DB6DFE816}.Release|x86.ActiveCfg = Release|Any CPU
		{D8E1122F-97E5-44FA-906A-6B5DB6DFE816}.Release|x86.Build.0 = Release|Any CPU
		{845F5B3F-2317-4332-A594-1EB7001BBD01}.Debug|Any CPU.ActiveCfg = Debug|Any CPU
		{845F5B3F-2317-4332-A594-1EB7001BBD01}.Debug|Any CPU.Build.0 = Debug|Any CPU
		{845F5B3F-2317-4332-A594-1EB7001BBD01}.Debug|x64.ActiveCfg = Debug|Any CPU
		{845F5B3F-2317-4332-A594-1EB7001BBD01}.Debug|x64.Build.0 = Debug|Any CPU
		{845F5B3F-2317-4332-A594-1EB7001BBD01}.Debug|x86.ActiveCfg = Debug|Any CPU
		{845F5B3F-2317-4332-A594-1EB7001BBD01}.Debug|x86.Build.0 = Debug|Any CPU
		{845F5B3F-2317-4332-A594-1EB7001BBD01}.Release|Any CPU.ActiveCfg = Release|Any CPU
		{845F5B3F-2317-4332-A594-1EB7001BBD01}.Release|Any CPU.Build.0 = Release|Any CPU
		{845F5B3F-2317-4332-A594-1EB7001BBD01}.Release|x64.ActiveCfg = Release|Any CPU
		{845F5B3F-2317-4332-A594-1EB7001BBD01}.Release|x64.Build.0 = Release|Any CPU
		{845F5B3F-2317-4332-A594-1EB7001BBD01}.Release|x86.ActiveCfg = Release|Any CPU
		{845F5B3F-2317-4332-A594-1EB7001BBD01}.Release|x86.Build.0 = Release|Any CPU
		{C8436ADF-2D7B-403D-AB76-B7D56F6B5A07}.Debug|Any CPU.ActiveCfg = Debug|Any CPU
		{C8436ADF-2D7B-403D-AB76-B7D56F6B5A07}.Debug|Any CPU.Build.0 = Debug|Any CPU
		{C8436ADF-2D7B-403D-AB76-B7D56F6B5A07}.Debug|x64.ActiveCfg = Debug|Any CPU
		{C8436ADF-2D7B-403D-AB76-B7D56F6B5A07}.Debug|x64.Build.0 = Debug|Any CPU
		{C8436ADF-2D7B-403D-AB76-B7D56F6B5A07}.Debug|x86.ActiveCfg = Debug|Any CPU
		{C8436ADF-2D7B-403D-AB76-B7D56F6B5A07}.Debug|x86.Build.0 = Debug|Any CPU
		{C8436ADF-2D7B-403D-AB76-B7D56F6B5A07}.Release|Any CPU.ActiveCfg = Release|Any CPU
		{C8436ADF-2D7B-403D-AB76-B7D56F6B5A07}.Release|Any CPU.Build.0 = Release|Any CPU
		{C8436ADF-2D7B-403D-AB76-B7D56F6B5A07}.Release|x64.ActiveCfg = Release|Any CPU
		{C8436ADF-2D7B-403D-AB76-B7D56F6B5A07}.Release|x64.Build.0 = Release|Any CPU
		{C8436ADF-2D7B-403D-AB76-B7D56F6B5A07}.Release|x86.ActiveCfg = Release|Any CPU
		{C8436ADF-2D7B-403D-AB76-B7D56F6B5A07}.Release|x86.Build.0 = Release|Any CPU
	EndGlobalSection
	GlobalSection(SolutionProperties) = preSolution
		HideSolutionNode = FALSE
	EndGlobalSection
	GlobalSection(ExtensibilityGlobals) = postSolution
		SolutionGuid = {98EE4F5B-BA00-4226-9B45-9B20E22B3B76}
	EndGlobalSection
EndGlobal
